
Microsoft Visual Studio Solution File, Format Version 12.00
# Visual Studio 14
VisualStudioVersion = 14.0.25420.1
MinimumVisualStudioVersion = 10.0.40219.1
Project("{888888A0-9F3D-457C-B088-3A5042F75D52}") = "BlackJackCardCounting", "BlackJackCardCounting\BlackJackCardCounting.pyproj", "{347B741D-CDBC-4A11-AD4E-2C393841833C}"
EndProject
Project("{00D1A9C2-B5F0-4AF3-8072-F6C62B433612}") = "SQL", "SQL\SQL.sqlproj", "{290470C8-7BE3-4E99-8AAC-B63BD6C27776}"
EndProject
Global
	GlobalSection(SolutionConfigurationPlatforms) = preSolution
		Debug|Any CPU = Debug|Any CPU
		Release|Any CPU = Release|Any CPU
	EndGlobalSection
	GlobalSection(ProjectConfigurationPlatforms) = postSolution
		{347B741D-CDBC-4A11-AD4E-2C393841833C}.Debug|Any CPU.ActiveCfg = Debug|Any CPU
		{347B741D-CDBC-4A11-AD4E-2C393841833C}.Release|Any CPU.ActiveCfg = Release|Any CPU
		{290470C8-7BE3-4E99-8AAC-B63BD6C27776}.Debug|Any CPU.ActiveCfg = Debug|Any CPU
		{290470C8-7BE3-4E99-8AAC-B63BD6C27776}.Debug|Any CPU.Build.0 = Debug|Any CPU
		{290470C8-7BE3-4E99-8AAC-B63BD6C27776}.Debug|Any CPU.Deploy.0 = Debug|Any CPU
		{290470C8-7BE3-4E99-8AAC-B63BD6C27776}.Release|Any CPU.ActiveCfg = Release|Any CPU
		{290470C8-7BE3-4E99-8AAC-B63BD6C27776}.Release|Any CPU.Build.0 = Release|Any CPU
		{290470C8-7BE3-4E99-8AAC-B63BD6C27776}.Release|Any CPU.Deploy.0 = Release|Any CPU
	EndGlobalSection
	GlobalSection(SolutionProperties) = preSolution
		HideSolutionNode = FALSE
	EndGlobalSection
EndGlobal
